
Microsoft Visual Studio Solution File, Format Version 12.00
# Visual Studio 15
VisualStudioVersion = 15.0.28307.136
MinimumVisualStudioVersion = 10.0.40219.1
Project("{FAE04EC0-301F-11D3-BF4B-00C04F79EFBC}") = "ClientChat", "ClientChat\ClientChat.csproj", "{78B8D2AF-64CA-4C8E-88DA-D64B9F0E156B}"
EndProject
Global
	GlobalSection(SolutionConfigurationPlatforms) = preSolution
		Debug|Any CPU = Debug|Any CPU
		Release|Any CPU = Release|Any CPU
	EndGlobalSection
	GlobalSection(ProjectConfigurationPlatforms) = postSolution
		{78B8D2AF-64CA-4C8E-88DA-D64B9F0E156B}.Debug|Any CPU.ActiveCfg = Debug|Any CPU
		{78B8D2AF-64CA-4C8E-88DA-D64B9F0E156B}.Debug|Any CPU.Build.0 = Debug|Any CPU
		{78B8D2AF-64CA-4C8E-88DA-D64B9F0E156B}.Release|Any CPU.ActiveCfg = Release|Any CPU
		{78B8D2AF-64CA-4C8E-88DA-D64B9F0E156B}.Release|Any CPU.Build.0 = Release|Any CPU
	EndGlobalSection
	GlobalSection(SolutionProperties) = preSolution
		HideSolutionNode = FALSE
	EndGlobalSection
	GlobalSection(ExtensibilityGlobals) = postSolution
		SolutionGuid = {9AFB49A5-AE43-4070-B217-09276901902B}
	EndGlobalSection
EndGlobal
